
Microsoft Visual Studio Solution File, Format Version 12.00
# Visual Studio 15
Project("{FAE04EC0-301F-11D3-BF4B-00C04F79EFBC}") = "Assembly-CSharp", "Assembly-CSharp.csproj", "{B428C4F9-071B-E5E1-3B17-77632FFA3417}"
EndProject
Global
	GlobalSection(SolutionConfigurationPlatforms) = preSolution
		Debug|Any CPU = Debug|Any CPU
		Release|Any CPU = Release|Any CPU
	EndGlobalSection
	GlobalSection(ProjectConfigurationPlatforms) = postSolution
		{B428C4F9-071B-E5E1-3B17-77632FFA3417}.Debug|Any CPU.ActiveCfg = Debug|Any CPU
		{B428C4F9-071B-E5E1-3B17-77632FFA3417}.Debug|Any CPU.Build.0 = Debug|Any CPU
		{B428C4F9-071B-E5E1-3B17-77632FFA3417}.Release|Any CPU.ActiveCfg = Release|Any CPU
		{B428C4F9-071B-E5E1-3B17-77632FFA3417}.Release|Any CPU.Build.0 = Release|Any CPU
	EndGlobalSection
	GlobalSection(SolutionProperties) = preSolution
		HideSolutionNode = FALSE
	EndGlobalSection
EndGlobal
